// !$*UTF8*$!
{
	archiveVersion = 1;
	classes = {
	};
	objectVersion = 54;
	objects = {

/* Begin PBXBuildFile section */
		00E356F31AD99517003FC87E /* JokerTests.m in Sources */ = {isa = PBXBuildFile; fileRef = 00E356F21AD99517003FC87E /* JokerTests.m */; };
		03D887D932C542B7B9955E72 /* Montserrat-Regular.ttf in Resources */ = {isa = PBXBuildFile; fileRef = 1A5BD13D63AF4A77BD543D52 /* Montserrat-Regular.ttf */; };
		13B07FBC1A68108700A75B9A /* AppDelegate.mm in Sources */ = {isa = PBXBuildFile; fileRef = 13B07FB01A68108700A75B9A /* AppDelegate.mm */; };
		13B07FBF1A68108700A75B9A /* Images.xcassets in Resources */ = {isa = PBXBuildFile; fileRef = 13B07FB51A68108700A75B9A /* Images.xcassets */; };
		13B07FC11A68108700A75B9A /* main.m in Sources */ = {isa = PBXBuildFile; fileRef = 13B07FB71A68108700A75B9A /* main.m */; };
		200A525A8B5D468CBEFC1B60 /* Montserrat-Black.ttf in Resources */ = {isa = PBXBuildFile; fileRef = 8100E984336F4D909F2328AC /* Montserrat-Black.ttf */; };
		2FE6B17EACC942B4AEABF381 /* Montserrat-SemiBold.ttf in Resources */ = {isa = PBXBuildFile; fileRef = ABECA602A3EF428AA18D3514 /* Montserrat-SemiBold.ttf */; };
		36061C23ED5242AEB2772256 /* Montserrat-LightItalic.ttf in Resources */ = {isa = PBXBuildFile; fileRef = 5E3B409F3AE34D53992C81D2 /* Montserrat-LightItalic.ttf */; };
		430A03A64C7647899F9EEBED /* edit-undo-line.ttf in Resources */ = {isa = PBXBuildFile; fileRef = 142D68EE507F4764896D250C /* edit-undo-line.ttf */; };
		4977E3F07441457CACEADB8E /* Montserrat-Light.ttf in Resources */ = {isa = PBXBuildFile; fileRef = 6740FCE5612844C2A4BA1E26 /* Montserrat-Light.ttf */; };
		5109B433D9E24C28A72124D3 /* Montserrat-BoldItalic.ttf in Resources */ = {isa = PBXBuildFile; fileRef = 1063420B1E0844B7A5CA5CFD /* Montserrat-BoldItalic.ttf */; };
		6133F64339E54C51A397C5D3 /* KLMN_Flash_Pix.ttf in Resources */ = {isa = PBXBuildFile; fileRef = 5008088E8FF44CFCB08E1213 /* KLMN_Flash_Pix.ttf */; };
		6864ED2E2959D0C1004CAA7A /* Fonts in Resources */ = {isa = PBXBuildFile; fileRef = 6864ED2D2959D0C0004CAA7A /* Fonts */; };
		6DAFA40042F2489984EEB5DE /* Montserrat-Bold.ttf in Resources */ = {isa = PBXBuildFile; fileRef = E0ADA06497AF4A36B86FF199 /* Montserrat-Bold.ttf */; };
		6FB9E25578BF4710AD676F1C /* Montserrat-ThinItalic.ttf in Resources */ = {isa = PBXBuildFile; fileRef = A04622187D364FFF961EC761 /* Montserrat-ThinItalic.ttf */; };
		7BA8F46CDDC44C40905F1AA3 /* Montserrat-Italic.ttf in Resources */ = {isa = PBXBuildFile; fileRef = 80650568D62043A5AD3B9BF9 /* Montserrat-Italic.ttf */; };
		7E31D155548D440B8C06DD5D /* Montserrat-BlackItalic.ttf in Resources */ = {isa = PBXBuildFile; fileRef = EEE50468368648B1B505101A /* Montserrat-BlackItalic.ttf */; };
		7FD88148BF264B60A647DF42 /* Montserrat-Medium.ttf in Resources */ = {isa = PBXBuildFile; fileRef = 6B81D0F05DC74B65BAD07F5C /* Montserrat-Medium.ttf */; };
		81AB9BB82411601600AC10FF /* LaunchScreen.storyboard in Resources */ = {isa = PBXBuildFile; fileRef = 81AB9BB72411601600AC10FF /* LaunchScreen.storyboard */; };
		8F74B5C1252B47CBA0A87B1F /* Montserrat-ExtraBold.ttf in Resources */ = {isa = PBXBuildFile; fileRef = CF2772B73056487BACED68B5 /* Montserrat-ExtraBold.ttf */; };
		9C6E256236E640E3853D011C /* Montserrat-MediumItalic.ttf in Resources */ = {isa = PBXBuildFile; fileRef = 835AF5A0F7D14611950C5CE8 /* Montserrat-MediumItalic.ttf */; };
		AE700F190D55426A962D959F /* 3270.ttf in Resources */ = {isa = PBXBuildFile; fileRef = B5E967A3BC7C4C98AD38962B /* 3270.ttf */; };
		C809A0C810C6482A9615C9A7 /* Montserrat-ExtraBoldItalic.ttf in Resources */ = {isa = PBXBuildFile; fileRef = 6827CDEFF3764B44B3FB05F4 /* Montserrat-ExtraBoldItalic.ttf */; };
		D095797F735147678A1FA8B9 /* Montserrat-ExtraLight.ttf in Resources */ = {isa = PBXBuildFile; fileRef = AA2202EE5D3848FAB3C33198 /* Montserrat-ExtraLight.ttf */; };
		D96C888E38A24B089D8AF76D /* Montserrat-ExtraLightItalic.ttf in Resources */ = {isa = PBXBuildFile; fileRef = 4C4FE30575104388804FCF66 /* Montserrat-ExtraLightItalic.ttf */; };
		E01C3E9EB32EA057A01CC488 /* libPods-Joker.a in Frameworks */ = {isa = PBXBuildFile; fileRef = 01C047F2013CC22F22FC60EB /* libPods-Joker.a */; };
		EDF48322A69548598672AC69 /* Montserrat-SemiBoldItalic.ttf in Resources */ = {isa = PBXBuildFile; fileRef = 81D4FFD4C67A42A9A5CCA7C8 /* Montserrat-SemiBoldItalic.ttf */; };
		F0A56DD09A0B2E5D45346015 /* libPods-Joker-JokerTests.a in Frameworks */ = {isa = PBXBuildFile; fileRef = 0CE29F9857F3B9523D7E98F6 /* libPods-Joker-JokerTests.a */; };
		F6C622750FA24C799F88EFDC /* Montserrat-Thin.ttf in Resources */ = {isa = PBXBuildFile; fileRef = 2E6B3123D40247B5BC03CAB6 /* Montserrat-Thin.ttf */; };
/* End PBXBuildFile section */

/* Begin PBXContainerItemProxy section */
		00E356F41AD99517003FC87E /* PBXContainerItemProxy */ = {
			isa = PBXContainerItemProxy;
			containerPortal = 83CBB9F71A601CBA00E9B192 /* Project object */;
			proxyType = 1;
			remoteGlobalIDString = 13B07F861A680F5B00A75B9A;
			remoteInfo = Joker;
		};
/* End PBXContainerItemProxy section */

/* Begin PBXFileReference section */
		00E356EE1AD99517003FC87E /* JokerTests.xctest */ = {isa = PBXFileReference; explicitFileType = wrapper.cfbundle; includeInIndex = 0; path = JokerTests.xctest; sourceTree = BUILT_PRODUCTS_DIR; };
		00E356F11AD99517003FC87E /* Info.plist */ = {isa = PBXFileReference; lastKnownFileType = text.plist.xml; path = Info.plist; sourceTree = "<group>"; };
		00E356F21AD99517003FC87E /* JokerTests.m */ = {isa = PBXFileReference; lastKnownFileType = sourcecode.c.objc; path = JokerTests.m; sourceTree = "<group>"; };
		01C047F2013CC22F22FC60EB /* libPods-Joker.a */ = {isa = PBXFileReference; explicitFileType = archive.ar; includeInIndex = 0; path = "libPods-Joker.a"; sourceTree = BUILT_PRODUCTS_DIR; };
		0CE29F9857F3B9523D7E98F6 /* libPods-Joker-JokerTests.a */ = {isa = PBXFileReference; explicitFileType = archive.ar; includeInIndex = 0; path = "libPods-Joker-JokerTests.a"; sourceTree = BUILT_PRODUCTS_DIR; };
		1063420B1E0844B7A5CA5CFD /* Montserrat-BoldItalic.ttf */ = {isa = PBXFileReference; explicitFileType = undefined; fileEncoding = 9; includeInIndex = 0; lastKnownFileType = unknown; name = "Montserrat-BoldItalic.ttf"; path = "../assets/fonts/Montserrat-BoldItalic.ttf"; sourceTree = "<group>"; };
		13B07F961A680F5B00A75B9A /* Joker.app */ = {isa = PBXFileReference; explicitFileType = wrapper.application; includeInIndex = 0; path = Joker.app; sourceTree = BUILT_PRODUCTS_DIR; };
		13B07FAF1A68108700A75B9A /* AppDelegate.h */ = {isa = PBXFileReference; fileEncoding = 4; lastKnownFileType = sourcecode.c.h; name = AppDelegate.h; path = Joker/AppDelegate.h; sourceTree = "<group>"; };
		13B07FB01A68108700A75B9A /* AppDelegate.mm */ = {isa = PBXFileReference; fileEncoding = 4; lastKnownFileType = sourcecode.cpp.objcpp; name = AppDelegate.mm; path = Joker/AppDelegate.mm; sourceTree = "<group>"; };
		13B07FB51A68108700A75B9A /* Images.xcassets */ = {isa = PBXFileReference; lastKnownFileType = folder.assetcatalog; name = Images.xcassets; path = Joker/Images.xcassets; sourceTree = "<group>"; };
		13B07FB61A68108700A75B9A /* Info.plist */ = {isa = PBXFileReference; fileEncoding = 4; lastKnownFileType = text.plist.xml; name = Info.plist; path = Joker/Info.plist; sourceTree = "<group>"; };
		13B07FB71A68108700A75B9A /* main.m */ = {isa = PBXFileReference; fileEncoding = 4; lastKnownFileType = sourcecode.c.objc; name = main.m; path = Joker/main.m; sourceTree = "<group>"; };
		142D68EE507F4764896D250C /* edit-undo-line.ttf */ = {isa = PBXFileReference; explicitFileType = undefined; fileEncoding = 9; includeInIndex = 0; lastKnownFileType = unknown; name = "edit-undo-line.ttf"; path = "../assets/fonts/edit-undo-line.ttf"; sourceTree = "<group>"; };
		1A5BD13D63AF4A77BD543D52 /* Montserrat-Regular.ttf */ = {isa = PBXFileReference; explicitFileType = undefined; fileEncoding = 9; includeInIndex = 0; lastKnownFileType = unknown; name = "Montserrat-Regular.ttf"; path = "../assets/fonts/Montserrat-Regular.ttf"; sourceTree = "<group>"; };
		2E6B3123D40247B5BC03CAB6 /* Montserrat-Thin.ttf */ = {isa = PBXFileReference; explicitFileType = undefined; fileEncoding = 9; includeInIndex = 0; lastKnownFileType = unknown; name = "Montserrat-Thin.ttf"; path = "../assets/fonts/Montserrat-Thin.ttf"; sourceTree = "<group>"; };
		4C4FE30575104388804FCF66 /* Montserrat-ExtraLightItalic.ttf */ = {isa = PBXFileReference; explicitFileType = undefined; fileEncoding = 9; includeInIndex = 0; lastKnownFileType = unknown; name = "Montserrat-ExtraLightItalic.ttf"; path = "../assets/fonts/Montserrat-ExtraLightItalic.ttf"; sourceTree = "<group>"; };
		5008088E8FF44CFCB08E1213 /* KLMN_Flash_Pix.ttf */ = {isa = PBXFileReference; explicitFileType = undefined; fileEncoding = 9; includeInIndex = 0; lastKnownFileType = unknown; name = KLMN_Flash_Pix.ttf; path = ../assets/fonts/KLMN_Flash_Pix.ttf; sourceTree = "<group>"; };
		5A457A656070B7EF920E6B54 /* Pods-Joker.release.xcconfig */ = {isa = PBXFileReference; includeInIndex = 1; lastKnownFileType = text.xcconfig; name = "Pods-Joker.release.xcconfig"; path = "Target Support Files/Pods-Joker/Pods-Joker.release.xcconfig"; sourceTree = "<group>"; };
		5B3FC4F1DB556C27B52BCE2E /* Pods-Joker-JokerTests.debug.xcconfig */ = {isa = PBXFileReference; includeInIndex = 1; lastKnownFileType = text.xcconfig; name = "Pods-Joker-JokerTests.debug.xcconfig"; path = "Target Support Files/Pods-Joker-JokerTests/Pods-Joker-JokerTests.debug.xcconfig"; sourceTree = "<group>"; };
		5E3B409F3AE34D53992C81D2 /* Montserrat-LightItalic.ttf */ = {isa = PBXFileReference; explicitFileType = undefined; fileEncoding = 9; includeInIndex = 0; lastKnownFileType = unknown; name = "Montserrat-LightItalic.ttf"; path = "../assets/fonts/Montserrat-LightItalic.ttf"; sourceTree = "<group>"; };
		6740FCE5612844C2A4BA1E26 /* Montserrat-Light.ttf */ = {isa = PBXFileReference; explicitFileType = undefined; fileEncoding = 9; includeInIndex = 0; lastKnownFileType = unknown; name = "Montserrat-Light.ttf"; path = "../assets/fonts/Montserrat-Light.ttf"; sourceTree = "<group>"; };
		6827CDEFF3764B44B3FB05F4 /* Montserrat-ExtraBoldItalic.ttf */ = {isa = PBXFileReference; explicitFileType = undefined; fileEncoding = 9; includeInIndex = 0; lastKnownFileType = unknown; name = "Montserrat-ExtraBoldItalic.ttf"; path = "../assets/fonts/Montserrat-ExtraBoldItalic.ttf"; sourceTree = "<group>"; };
		6864ED2D2959D0C0004CAA7A /* Fonts */ = {isa = PBXFileReference; lastKnownFileType = folder; name = Fonts; path = "../node_modules/react-native-vector-icons/Fonts"; sourceTree = "<group>"; };
		6B81D0F05DC74B65BAD07F5C /* Montserrat-Medium.ttf */ = {isa = PBXFileReference; explicitFileType = undefined; fileEncoding = 9; includeInIndex = 0; lastKnownFileType = unknown; name = "Montserrat-Medium.ttf"; path = "../assets/fonts/Montserrat-Medium.ttf"; sourceTree = "<group>"; };
		80650568D62043A5AD3B9BF9 /* Montserrat-Italic.ttf */ = {isa = PBXFileReference; explicitFileType = undefined; fileEncoding = 9; includeInIndex = 0; lastKnownFileType = unknown; name = "Montserrat-Italic.ttf"; path = "../assets/fonts/Montserrat-Italic.ttf"; sourceTree = "<group>"; };
		8100E984336F4D909F2328AC /* Montserrat-Black.ttf */ = {isa = PBXFileReference; explicitFileType = undefined; fileEncoding = 9; includeInIndex = 0; lastKnownFileType = unknown; name = "Montserrat-Black.ttf"; path = "../assets/fonts/Montserrat-Black.ttf"; sourceTree = "<group>"; };
		81AB9BB72411601600AC10FF /* LaunchScreen.storyboard */ = {isa = PBXFileReference; fileEncoding = 4; lastKnownFileType = file.storyboard; name = LaunchScreen.storyboard; path = Joker/LaunchScreen.storyboard; sourceTree = "<group>"; };
		81D4FFD4C67A42A9A5CCA7C8 /* Montserrat-SemiBoldItalic.ttf */ = {isa = PBXFileReference; explicitFileType = undefined; fileEncoding = 9; includeInIndex = 0; lastKnownFileType = unknown; name = "Montserrat-SemiBoldItalic.ttf"; path = "../assets/fonts/Montserrat-SemiBoldItalic.ttf"; sourceTree = "<group>"; };
		835AF5A0F7D14611950C5CE8 /* Montserrat-MediumItalic.ttf */ = {isa = PBXFileReference; explicitFileType = undefined; fileEncoding = 9; includeInIndex = 0; lastKnownFileType = unknown; name = "Montserrat-MediumItalic.ttf"; path = "../assets/fonts/Montserrat-MediumItalic.ttf"; sourceTree = "<group>"; };
		9703DE231B7E6BC5B0218709 /* Pods-Joker.debug.xcconfig */ = {isa = PBXFileReference; includeInIndex = 1; lastKnownFileType = text.xcconfig; name = "Pods-Joker.debug.xcconfig"; path = "Target Support Files/Pods-Joker/Pods-Joker.debug.xcconfig"; sourceTree = "<group>"; };
		A04622187D364FFF961EC761 /* Montserrat-ThinItalic.ttf */ = {isa = PBXFileReference; explicitFileType = undefined; fileEncoding = 9; includeInIndex = 0; lastKnownFileType = unknown; name = "Montserrat-ThinItalic.ttf"; path = "../assets/fonts/Montserrat-ThinItalic.ttf"; sourceTree = "<group>"; };
		AA2202EE5D3848FAB3C33198 /* Montserrat-ExtraLight.ttf */ = {isa = PBXFileReference; explicitFileType = undefined; fileEncoding = 9; includeInIndex = 0; lastKnownFileType = unknown; name = "Montserrat-ExtraLight.ttf"; path = "../assets/fonts/Montserrat-ExtraLight.ttf"; sourceTree = "<group>"; };
		ABB9007ECAAEB085472E6270 /* Pods-Joker-JokerTests.release.xcconfig */ = {isa = PBXFileReference; includeInIndex = 1; lastKnownFileType = text.xcconfig; name = "Pods-Joker-JokerTests.release.xcconfig"; path = "Target Support Files/Pods-Joker-JokerTests/Pods-Joker-JokerTests.release.xcconfig"; sourceTree = "<group>"; };
		ABECA602A3EF428AA18D3514 /* Montserrat-SemiBold.ttf */ = {isa = PBXFileReference; explicitFileType = undefined; fileEncoding = 9; includeInIndex = 0; lastKnownFileType = unknown; name = "Montserrat-SemiBold.ttf"; path = "../assets/fonts/Montserrat-SemiBold.ttf"; sourceTree = "<group>"; };
		B5E967A3BC7C4C98AD38962B /* 3270.ttf */ = {isa = PBXFileReference; explicitFileType = undefined; fileEncoding = 9; includeInIndex = 0; lastKnownFileType = unknown; name = 3270.ttf; path = ../assets/fonts/3270.ttf; sourceTree = "<group>"; };
		CF2772B73056487BACED68B5 /* Montserrat-ExtraBold.ttf */ = {isa = PBXFileReference; explicitFileType = undefined; fileEncoding = 9; includeInIndex = 0; lastKnownFileType = unknown; name = "Montserrat-ExtraBold.ttf"; path = "../assets/fonts/Montserrat-ExtraBold.ttf"; sourceTree = "<group>"; };
		E0ADA06497AF4A36B86FF199 /* Montserrat-Bold.ttf */ = {isa = PBXFileReference; explicitFileType = undefined; fileEncoding = 9; includeInIndex = 0; lastKnownFileType = unknown; name = "Montserrat-Bold.ttf"; path = "../assets/fonts/Montserrat-Bold.ttf"; sourceTree = "<group>"; };
		ED297162215061F000B7C4FE /* JavaScriptCore.framework */ = {isa = PBXFileReference; lastKnownFileType = wrapper.framework; name = JavaScriptCore.framework; path = System/Library/Frameworks/JavaScriptCore.framework; sourceTree = SDKROOT; };
		EEE50468368648B1B505101A /* Montserrat-BlackItalic.ttf */ = {isa = PBXFileReference; explicitFileType = undefined; fileEncoding = 9; includeInIndex = 0; lastKnownFileType = unknown; name = "Montserrat-BlackItalic.ttf"; path = "../assets/fonts/Montserrat-BlackItalic.ttf"; sourceTree = "<group>"; };
/* End PBXFileReference section */

/* Begin PBXFrameworksBuildPhase section */
		00E356EB1AD99517003FC87E /* Frameworks */ = {
			isa = PBXFrameworksBuildPhase;
			buildActionMask = 2147483647;
			files = (
				F0A56DD09A0B2E5D45346015 /* libPods-Joker-JokerTests.a in Frameworks */,
			);
			runOnlyForDeploymentPostprocessing = 0;
		};
		13B07F8C1A680F5B00A75B9A /* Frameworks */ = {
			isa = PBXFrameworksBuildPhase;
			buildActionMask = 2147483647;
			files = (
				E01C3E9EB32EA057A01CC488 /* libPods-Joker.a in Frameworks */,
			);
			runOnlyForDeploymentPostprocessing = 0;
		};
/* End PBXFrameworksBuildPhase section */

/* Begin PBXGroup section */
		00E356EF1AD99517003FC87E /* JokerTests */ = {
			isa = PBXGroup;
			children = (
				00E356F21AD99517003FC87E /* JokerTests.m */,
				00E356F01AD99517003FC87E /* Supporting Files */,
			);
			path = JokerTests;
			sourceTree = "<group>";
		};
		00E356F01AD99517003FC87E /* Supporting Files */ = {
			isa = PBXGroup;
			children = (
				00E356F11AD99517003FC87E /* Info.plist */,
			);
			name = "Supporting Files";
			sourceTree = "<group>";
		};
		13B07FAE1A68108700A75B9A /* Joker */ = {
			isa = PBXGroup;
			children = (
				6864ED2D2959D0C0004CAA7A /* Fonts */,
				13B07FAF1A68108700A75B9A /* AppDelegate.h */,
				13B07FB01A68108700A75B9A /* AppDelegate.mm */,
				13B07FB51A68108700A75B9A /* Images.xcassets */,
				13B07FB61A68108700A75B9A /* Info.plist */,
				81AB9BB72411601600AC10FF /* LaunchScreen.storyboard */,
				13B07FB71A68108700A75B9A /* main.m */,
			);
			name = Joker;
			sourceTree = "<group>";
		};
		2D16E6871FA4F8E400B85C8A /* Frameworks */ = {
			isa = PBXGroup;
			children = (
				ED297162215061F000B7C4FE /* JavaScriptCore.framework */,
				01C047F2013CC22F22FC60EB /* libPods-Joker.a */,
				0CE29F9857F3B9523D7E98F6 /* libPods-Joker-JokerTests.a */,
			);
			name = Frameworks;
			sourceTree = "<group>";
		};
		391A3CEFFFDC422C989CB218 /* Resources */ = {
			isa = PBXGroup;
			children = (
				8100E984336F4D909F2328AC /* Montserrat-Black.ttf */,
				EEE50468368648B1B505101A /* Montserrat-BlackItalic.ttf */,
				E0ADA06497AF4A36B86FF199 /* Montserrat-Bold.ttf */,
				1063420B1E0844B7A5CA5CFD /* Montserrat-BoldItalic.ttf */,
				CF2772B73056487BACED68B5 /* Montserrat-ExtraBold.ttf */,
				6827CDEFF3764B44B3FB05F4 /* Montserrat-ExtraBoldItalic.ttf */,
				AA2202EE5D3848FAB3C33198 /* Montserrat-ExtraLight.ttf */,
				4C4FE30575104388804FCF66 /* Montserrat-ExtraLightItalic.ttf */,
				80650568D62043A5AD3B9BF9 /* Montserrat-Italic.ttf */,
				6740FCE5612844C2A4BA1E26 /* Montserrat-Light.ttf */,
				5E3B409F3AE34D53992C81D2 /* Montserrat-LightItalic.ttf */,
				6B81D0F05DC74B65BAD07F5C /* Montserrat-Medium.ttf */,
				835AF5A0F7D14611950C5CE8 /* Montserrat-MediumItalic.ttf */,
				1A5BD13D63AF4A77BD543D52 /* Montserrat-Regular.ttf */,
				ABECA602A3EF428AA18D3514 /* Montserrat-SemiBold.ttf */,
				81D4FFD4C67A42A9A5CCA7C8 /* Montserrat-SemiBoldItalic.ttf */,
				2E6B3123D40247B5BC03CAB6 /* Montserrat-Thin.ttf */,
				A04622187D364FFF961EC761 /* Montserrat-ThinItalic.ttf */,
				B5E967A3BC7C4C98AD38962B /* 3270.ttf */,
				142D68EE507F4764896D250C /* edit-undo-line.ttf */,
				5008088E8FF44CFCB08E1213 /* KLMN_Flash_Pix.ttf */,
			);
			name = Resources;
			sourceTree = "<group>";
		};
		832341AE1AAA6A7D00B99B32 /* Libraries */ = {
			isa = PBXGroup;
			children = (
			);
			name = Libraries;
			sourceTree = "<group>";
		};
		83CBB9F61A601CBA00E9B192 = {
			isa = PBXGroup;
			children = (
				13B07FAE1A68108700A75B9A /* Joker */,
				832341AE1AAA6A7D00B99B32 /* Libraries */,
				00E356EF1AD99517003FC87E /* JokerTests */,
				83CBBA001A601CBA00E9B192 /* Products */,
				2D16E6871FA4F8E400B85C8A /* Frameworks */,
				BBD78D7AC51CEA395F1C20DB /* Pods */,
				391A3CEFFFDC422C989CB218 /* Resources */,
			);
			indentWidth = 2;
			sourceTree = "<group>";
			tabWidth = 2;
			usesTabs = 0;
		};
		83CBBA001A601CBA00E9B192 /* Products */ = {
			isa = PBXGroup;
			children = (
				13B07F961A680F5B00A75B9A /* Joker.app */,
				00E356EE1AD99517003FC87E /* JokerTests.xctest */,
			);
			name = Products;
			sourceTree = "<group>";
		};
		BBD78D7AC51CEA395F1C20DB /* Pods */ = {
			isa = PBXGroup;
			children = (
				9703DE231B7E6BC5B0218709 /* Pods-Joker.debug.xcconfig */,
				5A457A656070B7EF920E6B54 /* Pods-Joker.release.xcconfig */,
				5B3FC4F1DB556C27B52BCE2E /* Pods-Joker-JokerTests.debug.xcconfig */,
				ABB9007ECAAEB085472E6270 /* Pods-Joker-JokerTests.release.xcconfig */,
			);
			path = Pods;
			sourceTree = "<group>";
		};
/* End PBXGroup section */

/* Begin PBXNativeTarget section */
		00E356ED1AD99517003FC87E /* JokerTests */ = {
			isa = PBXNativeTarget;
			buildConfigurationList = 00E357021AD99517003FC87E /* Build configuration list for PBXNativeTarget "JokerTests" */;
			buildPhases = (
				7F2A945725516275C09DA67B /* [CP] Check Pods Manifest.lock */,
				00E356EA1AD99517003FC87E /* Sources */,
				00E356EB1AD99517003FC87E /* Frameworks */,
				00E356EC1AD99517003FC87E /* Resources */,
				9CE302B7C5B5D014079101B8 /* [CP] Embed Pods Frameworks */,
				C6C1A8BCE2C8D03A3B86D8A6 /* [CP] Copy Pods Resources */,
			);
			buildRules = (
			);
			dependencies = (
				00E356F51AD99517003FC87E /* PBXTargetDependency */,
			);
			name = JokerTests;
			productName = JokerTests;
			productReference = 00E356EE1AD99517003FC87E /* JokerTests.xctest */;
			productType = "com.apple.product-type.bundle.unit-test";
		};
		13B07F861A680F5B00A75B9A /* Joker */ = {
			isa = PBXNativeTarget;
			buildConfigurationList = 13B07F931A680F5B00A75B9A /* Build configuration list for PBXNativeTarget "Joker" */;
			buildPhases = (
				54B92648EFB72CA1CFD952CE /* [CP] Check Pods Manifest.lock */,
				FD10A7F022414F080027D42C /* Start Packager */,
				13B07F871A680F5B00A75B9A /* Sources */,
				13B07F8C1A680F5B00A75B9A /* Frameworks */,
				13B07F8E1A680F5B00A75B9A /* Resources */,
				00DD1BFF1BD5951E006B06BC /* Bundle React Native code and images */,
				5F3D5F111BCA4C955B74417C /* [CP] Embed Pods Frameworks */,
				7A1D3A034F88A2F3DD152911 /* [CP] Copy Pods Resources */,
			);
			buildRules = (
			);
			dependencies = (
			);
			name = Joker;
			productName = Joker;
			productReference = 13B07F961A680F5B00A75B9A /* Joker.app */;
			productType = "com.apple.product-type.application";
		};
/* End PBXNativeTarget section */

/* Begin PBXProject section */
		83CBB9F71A601CBA00E9B192 /* Project object */ = {
			isa = PBXProject;
			attributes = {
				LastUpgradeCheck = 1210;
				TargetAttributes = {
					00E356ED1AD99517003FC87E = {
						CreatedOnToolsVersion = 6.2;
						TestTargetID = 13B07F861A680F5B00A75B9A;
					};
					13B07F861A680F5B00A75B9A = {
						LastSwiftMigration = 1120;
					};
				};
			};
			buildConfigurationList = 83CBB9FA1A601CBA00E9B192 /* Build configuration list for PBXProject "Joker" */;
			compatibilityVersion = "Xcode 12.0";
			developmentRegion = en;
			hasScannedForEncodings = 0;
			knownRegions = (
				en,
				Base,
			);
			mainGroup = 83CBB9F61A601CBA00E9B192;
			productRefGroup = 83CBBA001A601CBA00E9B192 /* Products */;
			projectDirPath = "";
			projectRoot = "";
			targets = (
				13B07F861A680F5B00A75B9A /* Joker */,
				00E356ED1AD99517003FC87E /* JokerTests */,
			);
		};
/* End PBXProject section */

/* Begin PBXResourcesBuildPhase section */
		00E356EC1AD99517003FC87E /* Resources */ = {
			isa = PBXResourcesBuildPhase;
			buildActionMask = 2147483647;
			files = (
			);
			runOnlyForDeploymentPostprocessing = 0;
		};
		13B07F8E1A680F5B00A75B9A /* Resources */ = {
			isa = PBXResourcesBuildPhase;
			buildActionMask = 2147483647;
			files = (
				6864ED2E2959D0C1004CAA7A /* Fonts in Resources */,
				81AB9BB82411601600AC10FF /* LaunchScreen.storyboard in Resources */,
				13B07FBF1A68108700A75B9A /* Images.xcassets in Resources */,
				200A525A8B5D468CBEFC1B60 /* Montserrat-Black.ttf in Resources */,
				7E31D155548D440B8C06DD5D /* Montserrat-BlackItalic.ttf in Resources */,
				6DAFA40042F2489984EEB5DE /* Montserrat-Bold.ttf in Resources */,
				5109B433D9E24C28A72124D3 /* Montserrat-BoldItalic.ttf in Resources */,
				8F74B5C1252B47CBA0A87B1F /* Montserrat-ExtraBold.ttf in Resources */,
				C809A0C810C6482A9615C9A7 /* Montserrat-ExtraBoldItalic.ttf in Resources */,
				D095797F735147678A1FA8B9 /* Montserrat-ExtraLight.ttf in Resources */,
				D96C888E38A24B089D8AF76D /* Montserrat-ExtraLightItalic.ttf in Resources */,
				7BA8F46CDDC44C40905F1AA3 /* Montserrat-Italic.ttf in Resources */,
				4977E3F07441457CACEADB8E /* Montserrat-Light.ttf in Resources */,
				36061C23ED5242AEB2772256 /* Montserrat-LightItalic.ttf in Resources */,
				7FD88148BF264B60A647DF42 /* Montserrat-Medium.ttf in Resources */,
				9C6E256236E640E3853D011C /* Montserrat-MediumItalic.ttf in Resources */,
				03D887D932C542B7B9955E72 /* Montserrat-Regular.ttf in Resources */,
				2FE6B17EACC942B4AEABF381 /* Montserrat-SemiBold.ttf in Resources */,
				EDF48322A69548598672AC69 /* Montserrat-SemiBoldItalic.ttf in Resources */,
				F6C622750FA24C799F88EFDC /* Montserrat-Thin.ttf in Resources */,
				6FB9E25578BF4710AD676F1C /* Montserrat-ThinItalic.ttf in Resources */,
				AE700F190D55426A962D959F /* 3270.ttf in Resources */,
				430A03A64C7647899F9EEBED /* edit-undo-line.ttf in Resources */,
				6133F64339E54C51A397C5D3 /* KLMN_Flash_Pix.ttf in Resources */,
			);
			runOnlyForDeploymentPostprocessing = 0;
		};
/* End PBXResourcesBuildPhase section */

/* Begin PBXShellScriptBuildPhase section */
		00DD1BFF1BD5951E006B06BC /* Bundle React Native code and images */ = {
			isa = PBXShellScriptBuildPhase;
			buildActionMask = 2147483647;
			files = (
			);
			inputPaths = (
				"$(SRCROOT)/.xcode.env.local",
				"$(SRCROOT)/.xcode.env",
			);
			name = "Bundle React Native code and images";
			outputPaths = (
			);
			runOnlyForDeploymentPostprocessing = 0;
			shellPath = /bin/sh;
			shellScript = "set -e\n\nWITH_ENVIRONMENT=\"../node_modules/react-native/scripts/xcode/with-environment.sh\"\nREACT_NATIVE_XCODE=\"../node_modules/react-native/scripts/react-native-xcode.sh\"\n\n/bin/sh -c \"$WITH_ENVIRONMENT $REACT_NATIVE_XCODE\"\n";
		};
		54B92648EFB72CA1CFD952CE /* [CP] Check Pods Manifest.lock */ = {
			isa = PBXShellScriptBuildPhase;
			buildActionMask = 2147483647;
			files = (
			);
			inputFileListPaths = (
			);
			inputPaths = (
				"${PODS_PODFILE_DIR_PATH}/Podfile.lock",
				"${PODS_ROOT}/Manifest.lock",
			);
			name = "[CP] Check Pods Manifest.lock";
			outputFileListPaths = (
			);
			outputPaths = (
				"$(DERIVED_FILE_DIR)/Pods-Joker-checkManifestLockResult.txt",
			);
			runOnlyForDeploymentPostprocessing = 0;
			shellPath = /bin/sh;
			shellScript = "diff \"${PODS_PODFILE_DIR_PATH}/Podfile.lock\" \"${PODS_ROOT}/Manifest.lock\" > /dev/null\nif [ $? != 0 ] ; then\n    # print error to STDERR\n    echo \"error: The sandbox is not in sync with the Podfile.lock. Run 'pod install' or update your CocoaPods installation.\" >&2\n    exit 1\nfi\n# This output is used by Xcode 'outputs' to avoid re-running this script phase.\necho \"SUCCESS\" > \"${SCRIPT_OUTPUT_FILE_0}\"\n";
			showEnvVarsInLog = 0;
		};
		5F3D5F111BCA4C955B74417C /* [CP] Embed Pods Frameworks */ = {
			isa = PBXShellScriptBuildPhase;
			buildActionMask = 2147483647;
			files = (
			);
			inputFileListPaths = (
				"${PODS_ROOT}/Target Support Files/Pods-Joker/Pods-Joker-frameworks-${CONFIGURATION}-input-files.xcfilelist",
			);
			name = "[CP] Embed Pods Frameworks";
			outputFileListPaths = (
				"${PODS_ROOT}/Target Support Files/Pods-Joker/Pods-Joker-frameworks-${CONFIGURATION}-output-files.xcfilelist",
			);
			runOnlyForDeploymentPostprocessing = 0;
			shellPath = /bin/sh;
			shellScript = "\"${PODS_ROOT}/Target Support Files/Pods-Joker/Pods-Joker-frameworks.sh\"\n";
			showEnvVarsInLog = 0;
		};
		7A1D3A034F88A2F3DD152911 /* [CP] Copy Pods Resources */ = {
			isa = PBXShellScriptBuildPhase;
			buildActionMask = 2147483647;
			files = (
			);
			inputFileListPaths = (
				"${PODS_ROOT}/Target Support Files/Pods-Joker/Pods-Joker-resources-${CONFIGURATION}-input-files.xcfilelist",
			);
			name = "[CP] Copy Pods Resources";
			outputFileListPaths = (
				"${PODS_ROOT}/Target Support Files/Pods-Joker/Pods-Joker-resources-${CONFIGURATION}-output-files.xcfilelist",
			);
			runOnlyForDeploymentPostprocessing = 0;
			shellPath = /bin/sh;
			shellScript = "\"${PODS_ROOT}/Target Support Files/Pods-Joker/Pods-Joker-resources.sh\"\n";
			showEnvVarsInLog = 0;
		};
		7F2A945725516275C09DA67B /* [CP] Check Pods Manifest.lock */ = {
			isa = PBXShellScriptBuildPhase;
			buildActionMask = 2147483647;
			files = (
			);
			inputFileListPaths = (
			);
			inputPaths = (
				"${PODS_PODFILE_DIR_PATH}/Podfile.lock",
				"${PODS_ROOT}/Manifest.lock",
			);
			name = "[CP] Check Pods Manifest.lock";
			outputFileListPaths = (
			);
			outputPaths = (
				"$(DERIVED_FILE_DIR)/Pods-Joker-JokerTests-checkManifestLockResult.txt",
			);
			runOnlyForDeploymentPostprocessing = 0;
			shellPath = /bin/sh;
			shellScript = "diff \"${PODS_PODFILE_DIR_PATH}/Podfile.lock\" \"${PODS_ROOT}/Manifest.lock\" > /dev/null\nif [ $? != 0 ] ; then\n    # print error to STDERR\n    echo \"error: The sandbox is not in sync with the Podfile.lock. Run 'pod install' or update your CocoaPods installation.\" >&2\n    exit 1\nfi\n# This output is used by Xcode 'outputs' to avoid re-running this script phase.\necho \"SUCCESS\" > \"${SCRIPT_OUTPUT_FILE_0}\"\n";
			showEnvVarsInLog = 0;
		};
		9CE302B7C5B5D014079101B8 /* [CP] Embed Pods Frameworks */ = {
			isa = PBXShellScriptBuildPhase;
			buildActionMask = 2147483647;
			files = (
			);
			inputFileListPaths = (
				"${PODS_ROOT}/Target Support Files/Pods-Joker-JokerTests/Pods-Joker-JokerTests-frameworks-${CONFIGURATION}-input-files.xcfilelist",
			);
			name = "[CP] Embed Pods Frameworks";
			outputFileListPaths = (
				"${PODS_ROOT}/Target Support Files/Pods-Joker-JokerTests/Pods-Joker-JokerTests-frameworks-${CONFIGURATION}-output-files.xcfilelist",
			);
			runOnlyForDeploymentPostprocessing = 0;
			shellPath = /bin/sh;
			shellScript = "\"${PODS_ROOT}/Target Support Files/Pods-Joker-JokerTests/Pods-Joker-JokerTests-frameworks.sh\"\n";
			showEnvVarsInLog = 0;
		};
		C6C1A8BCE2C8D03A3B86D8A6 /* [CP] Copy Pods Resources */ = {
			isa = PBXShellScriptBuildPhase;
			buildActionMask = 2147483647;
			files = (
			);
			inputFileListPaths = (
				"${PODS_ROOT}/Target Support Files/Pods-Joker-JokerTests/Pods-Joker-JokerTests-resources-${CONFIGURATION}-input-files.xcfilelist",
			);
			name = "[CP] Copy Pods Resources";
			outputFileListPaths = (
				"${PODS_ROOT}/Target Support Files/Pods-Joker-JokerTests/Pods-Joker-JokerTests-resources-${CONFIGURATION}-output-files.xcfilelist",
			);
			runOnlyForDeploymentPostprocessing = 0;
			shellPath = /bin/sh;
			shellScript = "\"${PODS_ROOT}/Target Support Files/Pods-Joker-JokerTests/Pods-Joker-JokerTests-resources.sh\"\n";
			showEnvVarsInLog = 0;
		};
		FD10A7F022414F080027D42C /* Start Packager */ = {
			isa = PBXShellScriptBuildPhase;
			buildActionMask = 2147483647;
			files = (
			);
			inputFileListPaths = (
			);
			inputPaths = (
			);
			name = "Start Packager";
			outputFileListPaths = (
			);
			outputPaths = (
			);
			runOnlyForDeploymentPostprocessing = 0;
			shellPath = /bin/sh;
			shellScript = "export RCT_METRO_PORT=\"${RCT_METRO_PORT:=8081}\"\necho \"export RCT_METRO_PORT=${RCT_METRO_PORT}\" > \"${SRCROOT}/../node_modules/react-native/scripts/.packager.env\"\nif [ -z \"${RCT_NO_LAUNCH_PACKAGER+xxx}\" ] ; then\n  if nc -w 5 -z localhost ${RCT_METRO_PORT} ; then\n    if ! curl -s \"http://localhost:${RCT_METRO_PORT}/status\" | grep -q \"packager-status:running\" ; then\n      echo \"Port ${RCT_METRO_PORT} already in use, packager is either not running or not running correctly\"\n      exit 2\n    fi\n  else\n    open \"$SRCROOT/../node_modules/react-native/scripts/launchPackager.command\" || echo \"Can't start packager automatically\"\n  fi\nfi\n";
			showEnvVarsInLog = 0;
		};
/* End PBXShellScriptBuildPhase section */

/* Begin PBXSourcesBuildPhase section */
		00E356EA1AD99517003FC87E /* Sources */ = {
			isa = PBXSourcesBuildPhase;
			buildActionMask = 2147483647;
			files = (
				00E356F31AD99517003FC87E /* JokerTests.m in Sources */,
			);
			runOnlyForDeploymentPostprocessing = 0;
		};
		13B07F871A680F5B00A75B9A /* Sources */ = {
			isa = PBXSourcesBuildPhase;
			buildActionMask = 2147483647;
			files = (
				13B07FBC1A68108700A75B9A /* AppDelegate.mm in Sources */,
				13B07FC11A68108700A75B9A /* main.m in Sources */,
			);
			runOnlyForDeploymentPostprocessing = 0;
		};
/* End PBXSourcesBuildPhase section */

/* Begin PBXTargetDependency section */
		00E356F51AD99517003FC87E /* PBXTargetDependency */ = {
			isa = PBXTargetDependency;
			target = 13B07F861A680F5B00A75B9A /* Joker */;
			targetProxy = 00E356F41AD99517003FC87E /* PBXContainerItemProxy */;
		};
/* End PBXTargetDependency section */

/* Begin XCBuildConfiguration section */
		00E356F61AD99517003FC87E /* Debug */ = {
			isa = XCBuildConfiguration;
			baseConfigurationReference = 5B3FC4F1DB556C27B52BCE2E /* Pods-Joker-JokerTests.debug.xcconfig */;
			buildSettings = {
				BUNDLE_LOADER = "$(TEST_HOST)";
				GCC_PREPROCESSOR_DEFINITIONS = (
					"DEBUG=1",
					"$(inherited)",
				);
				INFOPLIST_FILE = JokerTests/Info.plist;
				IPHONEOS_DEPLOYMENT_TARGET = 12.4;
				LD_RUNPATH_SEARCH_PATHS = (
					"$(inherited)",
					"@executable_path/Frameworks",
					"@loader_path/Frameworks",
				);
				OTHER_LDFLAGS = (
					"-ObjC",
					"-lc++",
					"$(inherited)",
				);
				PRODUCT_BUNDLE_IDENTIFIER = "org.reactjs.native.example.$(PRODUCT_NAME:rfc1034identifier)";
				PRODUCT_NAME = "$(TARGET_NAME)";
				TEST_HOST = "$(BUILT_PRODUCTS_DIR)/Joker.app/Joker";
			};
			name = Debug;
		};
		00E356F71AD99517003FC87E /* Release */ = {
			isa = XCBuildConfiguration;
			baseConfigurationReference = ABB9007ECAAEB085472E6270 /* Pods-Joker-JokerTests.release.xcconfig */;
			buildSettings = {
				BUNDLE_LOADER = "$(TEST_HOST)";
				COPY_PHASE_STRIP = NO;
				INFOPLIST_FILE = JokerTests/Info.plist;
				IPHONEOS_DEPLOYMENT_TARGET = 12.4;
				LD_RUNPATH_SEARCH_PATHS = (
					"$(inherited)",
					"@executable_path/Frameworks",
					"@loader_path/Frameworks",
				);
				OTHER_LDFLAGS = (
					"-ObjC",
					"-lc++",
					"$(inherited)",
				);
				PRODUCT_BUNDLE_IDENTIFIER = "org.reactjs.native.example.$(PRODUCT_NAME:rfc1034identifier)";
				PRODUCT_NAME = "$(TARGET_NAME)";
				TEST_HOST = "$(BUILT_PRODUCTS_DIR)/Joker.app/Joker";
			};
			name = Release;
		};
		13B07F941A680F5B00A75B9A /* Debug */ = {
			isa = XCBuildConfiguration;
			baseConfigurationReference = 9703DE231B7E6BC5B0218709 /* Pods-Joker.debug.xcconfig */;
			buildSettings = {
				ASSETCATALOG_COMPILER_APPICON_NAME = AppIcon;
				CLANG_ENABLE_MODULES = YES;
				CURRENT_PROJECT_VERSION = 1;
				DEVELOPMENT_TEAM = 5EM4M85VSQ;
				ENABLE_BITCODE = NO;
				INFOPLIST_FILE = Joker/Info.plist;
				INFOPLIST_KEY_CFBundleDisplayName = "NFT Tickets";
				INFOPLIST_KEY_LSApplicationCategoryType = "public.app-category.business";
				LD_RUNPATH_SEARCH_PATHS = (
					"$(inherited)",
					"@executable_path/Frameworks",
				);
				MARKETING_VERSION = 1.0.0;
				OTHER_LDFLAGS = (
					"$(inherited)",
					"-ObjC",
					"-lc++",
				);
				PRODUCT_BUNDLE_IDENTIFIER = "org.reactjs.native.example.$(PRODUCT_NAME:rfc1034identifier)";
				"PRODUCT_BUNDLE_IDENTIFIER[sdk=iphoneos*]" = "dapp.nft-tickets";
				PRODUCT_NAME = Joker;
				SUPPORTED_PLATFORMS = "iphoneos iphonesimulator";
				SUPPORTS_MACCATALYST = NO;
				SUPPORTS_MAC_DESIGNED_FOR_IPHONE_IPAD = NO;
				SWIFT_OPTIMIZATION_LEVEL = "-Onone";
				SWIFT_VERSION = 5.0;
				TARGETED_DEVICE_FAMILY = "1,2";
				VERSIONING_SYSTEM = "apple-generic";
			};
			name = Debug;
		};
		13B07F951A680F5B00A75B9A /* Release */ = {
			isa = XCBuildConfiguration;
			baseConfigurationReference = 5A457A656070B7EF920E6B54 /* Pods-Joker.release.xcconfig */;
			buildSettings = {
				ASSETCATALOG_COMPILER_APPICON_NAME = AppIcon;
				CLANG_ENABLE_MODULES = YES;
				CURRENT_PROJECT_VERSION = 1;
				DEVELOPMENT_TEAM = 5EM4M85VSQ;
				INFOPLIST_FILE = Joker/Info.plist;
				INFOPLIST_KEY_CFBundleDisplayName = "NFT Tickets";
				INFOPLIST_KEY_LSApplicationCategoryType = "public.app-category.business";
				LD_RUNPATH_SEARCH_PATHS = (
					"$(inherited)",
					"@executable_path/Frameworks",
				);
				MARKETING_VERSION = 1.0.0;
				OTHER_LDFLAGS = (
					"$(inherited)",
					"-ObjC",
					"-lc++",
				);
				PRODUCT_BUNDLE_IDENTIFIER = "org.reactjs.native.example.$(PRODUCT_NAME:rfc1034identifier)";
				"PRODUCT_BUNDLE_IDENTIFIER[sdk=iphoneos*]" = "dapp.nft-tickets";
				PRODUCT_NAME = Joker;
				SUPPORTED_PLATFORMS = "iphoneos iphonesimulator";
				SUPPORTS_MACCATALYST = NO;
				SUPPORTS_MAC_DESIGNED_FOR_IPHONE_IPAD = NO;
				SWIFT_VERSION = 5.0;
				TARGETED_DEVICE_FAMILY = "1,2";
				VERSIONING_SYSTEM = "apple-generic";
			};
			name = Release;
		};
		83CBBA201A601CBA00E9B192 /* Debug */ = {
			isa = XCBuildConfiguration;
			buildSettings = {
				ALWAYS_SEARCH_USER_PATHS = NO;
				CLANG_ANALYZER_LOCALIZABILITY_NONLOCALIZED = YES;
				CLANG_CXX_LANGUAGE_STANDARD = "c++17";
				CLANG_CXX_LIBRARY = "libc++";
				CLANG_ENABLE_MODULES = YES;
				CLANG_ENABLE_OBJC_ARC = YES;
				CLANG_WARN_BLOCK_CAPTURE_AUTORELEASING = YES;
				CLANG_WARN_BOOL_CONVERSION = YES;
				CLANG_WARN_COMMA = YES;
				CLANG_WARN_CONSTANT_CONVERSION = YES;
				CLANG_WARN_DEPRECATED_OBJC_IMPLEMENTATIONS = YES;
				CLANG_WARN_DIRECT_OBJC_ISA_USAGE = YES_ERROR;
				CLANG_WARN_EMPTY_BODY = YES;
				CLANG_WARN_ENUM_CONVERSION = YES;
				CLANG_WARN_INFINITE_RECURSION = YES;
				CLANG_WARN_INT_CONVERSION = YES;
				CLANG_WARN_NON_LITERAL_NULL_CONVERSION = YES;
				CLANG_WARN_OBJC_IMPLICIT_RETAIN_SELF = YES;
				CLANG_WARN_OBJC_LITERAL_CONVERSION = YES;
				CLANG_WARN_OBJC_ROOT_CLASS = YES_ERROR;
				CLANG_WARN_QUOTED_INCLUDE_IN_FRAMEWORK_HEADER = YES;
				CLANG_WARN_RANGE_LOOP_ANALYSIS = YES;
				CLANG_WARN_STRICT_PROTOTYPES = YES;
				CLANG_WARN_SUSPICIOUS_MOVE = YES;
				CLANG_WARN_UNREACHABLE_CODE = YES;
				CLANG_WARN__DUPLICATE_METHOD_MATCH = YES;
				"CODE_SIGN_IDENTITY[sdk=iphoneos*]" = "iPhone Developer";
				COPY_PHASE_STRIP = NO;
				ENABLE_STRICT_OBJC_MSGSEND = YES;
				ENABLE_TESTABILITY = YES;
				"EXCLUDED_ARCHS[sdk=iphonesimulator*]" = i386;
				GCC_C_LANGUAGE_STANDARD = gnu99;
				GCC_DYNAMIC_NO_PIC = NO;
				GCC_NO_COMMON_BLOCKS = YES;
				GCC_OPTIMIZATION_LEVEL = 0;
				GCC_PREPROCESSOR_DEFINITIONS = (
					"DEBUG=1",
					"$(inherited)",
				);
				GCC_SYMBOLS_PRIVATE_EXTERN = NO;
				GCC_WARN_64_TO_32_BIT_CONVERSION = YES;
				GCC_WARN_ABOUT_RETURN_TYPE = YES_ERROR;
				GCC_WARN_UNDECLARED_SELECTOR = YES;
				GCC_WARN_UNINITIALIZED_AUTOS = YES_AGGRESSIVE;
				GCC_WARN_UNUSED_FUNCTION = YES;
				GCC_WARN_UNUSED_VARIABLE = YES;
				IPHONEOS_DEPLOYMENT_TARGET = 12.4;
				LD_RUNPATH_SEARCH_PATHS = (
					/usr/lib/swift,
					"$(inherited)",
				);
				LIBRARY_SEARCH_PATHS = (
					"\"$(SDKROOT)/usr/lib/swift\"",
					"\"$(TOOLCHAIN_DIR)/usr/lib/swift/$(PLATFORM_NAME)\"",
					"\"$(inherited)\"",
				);
				MTL_ENABLE_DEBUG_INFO = YES;
				ONLY_ACTIVE_ARCH = YES;
				OTHER_CPLUSPLUSFLAGS = (
					"$(OTHER_CFLAGS)",
					"-DFOLLY_NO_CONFIG",
					"-DFOLLY_MOBILE=1",
					"-DFOLLY_USE_LIBCPP=1",
				);
				REACT_NATIVE_PATH = "${PODS_ROOT}/../../node_modules/react-native";
				SDKROOT = iphoneos;
			};
			name = Debug;
		};
		83CBBA211A601CBA00E9B192 /* Release */ = {
			isa = XCBuildConfiguration;
			buildSettings = {
				ALWAYS_SEARCH_USER_PATHS = NO;
				CLANG_ANALYZER_LOCALIZABILITY_NONLOCALIZED = YES;
				CLANG_CXX_LANGUAGE_STANDARD = "c++17";
				CLANG_CXX_LIBRARY = "libc++";
				CLANG_ENABLE_MODULES = YES;
				CLANG_ENABLE_OBJC_ARC = YES;
				CLANG_WARN_BLOCK_CAPTURE_AUTORELEASING = YES;
				CLANG_WARN_BOOL_CONVERSION = YES;
				CLANG_WARN_COMMA = YES;
				CLANG_WARN_CONSTANT_CONVERSION = YES;
				CLANG_WARN_DEPRECATED_OBJC_IMPLEMENTATIONS = YES;
				CLANG_WARN_DIRECT_OBJC_ISA_USAGE = YES_ERROR;
				CLANG_WARN_EMPTY_BODY = YES;
				CLANG_WARN_ENUM_CONVERSION = YES;
				CLANG_WARN_INFINITE_RECURSION = YES;
				CLANG_WARN_INT_CONVERSION = YES;
				CLANG_WARN_NON_LITERAL_NULL_CONVERSION = YES;
				CLANG_WARN_OBJC_IMPLICIT_RETAIN_SELF = YES;
				CLANG_WARN_OBJC_LITERAL_CONVERSION = YES;
				CLANG_WARN_OBJC_ROOT_CLASS = YES_ERROR;
				CLANG_WARN_QUOTED_INCLUDE_IN_FRAMEWORK_HEADER = YES;
				CLANG_WARN_RANGE_LOOP_ANALYSIS = YES;
				CLANG_WARN_STRICT_PROTOTYPES = YES;
				CLANG_WARN_SUSPICIOUS_MOVE = YES;
				CLANG_WARN_UNREACHABLE_CODE = YES;
				CLANG_WARN__DUPLICATE_METHOD_MATCH = YES;
				"CODE_SIGN_IDENTITY[sdk=iphoneos*]" = "iPhone Developer";
				COPY_PHASE_STRIP = YES;
				ENABLE_NS_ASSERTIONS = NO;
				ENABLE_STRICT_OBJC_MSGSEND = YES;
				"EXCLUDED_ARCHS[sdk=iphonesimulator*]" = i386;
				GCC_C_LANGUAGE_STANDARD = gnu99;
				GCC_NO_COMMON_BLOCKS = YES;
				GCC_WARN_64_TO_32_BIT_CONVERSION = YES;
				GCC_WARN_ABOUT_RETURN_TYPE = YES_ERROR;
				GCC_WARN_UNDECLARED_SELECTOR = YES;
				GCC_WARN_UNINITIALIZED_AUTOS = YES_AGGRESSIVE;
				GCC_WARN_UNUSED_FUNCTION = YES;
				GCC_WARN_UNUSED_VARIABLE = YES;
				IPHONEOS_DEPLOYMENT_TARGET = 12.4;
				LD_RUNPATH_SEARCH_PATHS = (
					/usr/lib/swift,
					"$(inherited)",
				);
				LIBRARY_SEARCH_PATHS = (
					"\"$(SDKROOT)/usr/lib/swift\"",
					"\"$(TOOLCHAIN_DIR)/usr/lib/swift/$(PLATFORM_NAME)\"",
					"\"$(inherited)\"",
				);
				MTL_ENABLE_DEBUG_INFO = NO;
				OTHER_CPLUSPLUSFLAGS = (
					"$(OTHER_CFLAGS)",
					"-DFOLLY_NO_CONFIG",
					"-DFOLLY_MOBILE=1",
					"-DFOLLY_USE_LIBCPP=1",
				);
				REACT_NATIVE_PATH = "${PODS_ROOT}/../../node_modules/react-native";
				SDKROOT = iphoneos;
				VALIDATE_PRODUCT = YES;
			};
			name = Release;
		};
/* End XCBuildConfiguration section */

/* Begin XCConfigurationList section */
		00E357021AD99517003FC87E /* Build configuration list for PBXNativeTarget "JokerTests" */ = {
			isa = XCConfigurationList;
			buildConfigurations = (
				00E356F61AD99517003FC87E /* Debug */,
				00E356F71AD99517003FC87E /* Release */,
			);
			defaultConfigurationIsVisible = 0;
			defaultConfigurationName = Release;
		};
		13B07F931A680F5B00A75B9A /* Build configuration list for PBXNativeTarget "Joker" */ = {
			isa = XCConfigurationList;
			buildConfigurations = (
				13B07F941A680F5B00A75B9A /* Debug */,
				13B07F951A680F5B00A75B9A /* Release */,
			);
			defaultConfigurationIsVisible = 0;
			defaultConfigurationName = Release;
		};
		83CBB9FA1A601CBA00E9B192 /* Build configuration list for PBXProject "Joker" */ = {
			isa = XCConfigurationList;
			buildConfigurations = (
				83CBBA201A601CBA00E9B192 /* Debug */,
				83CBBA211A601CBA00E9B192 /* Release */,
			);
			defaultConfigurationIsVisible = 0;
			defaultConfigurationName = Release;
		};
/* End XCConfigurationList section */
	};
	rootObject = 83CBB9F71A601CBA00E9B192 /* Project object */;
}
